{
  "lockfile_version": "1",
  "packages": {
    "argocd@latest": {
      "last_modified": "2025-06-20T02:24:11Z",
      "resolved": "github:NixOS/nixpkgs/076e8c6678d8c54204abcb4b1b14c366835a58bb#argocd",
      "source": "devbox-search",
      "version": "2.14.11",
      "systems": {
        "aarch64-darwin": {
          "outputs": [
            {
              "name": "out",
              "path": "/nix/store/nl4jplcxsxa0jvrvkdcxd0av9wlys8zn-argocd-2.14.11",
              "default": true
            }
          ],
          "store_path": "/nix/store/nl4jplcxsxa0jvrvkdcxd0av9wlys8zn-argocd-2.14.11"
        },
        "aarch64-linux": {
          "outputs": [
            {
              "name": "out",
              "path": "/nix/store/qbb623v44kgwf02gfyc1ak7q2rv6k61f-argocd-2.14.11",
              "default": true
            }
          ],
          "store_path": "/nix/store/qbb623v44kgwf02gfyc1ak7q2rv6k61f-argocd-2.14.11"
        },
        "x86_64-darwin": {
          "outputs": [
            {
              "name": "out",
              "path": "/nix/store/bfjvvqzb8zzf07k3hx9ca72phz6ggkyq-argocd-2.14.11",
              "default": true
            }
          ],
          "store_path": "/nix/store/bfjvvqzb8zzf07k3hx9ca72phz6ggkyq-argocd-2.14.11"
        },
        "x86_64-linux": {
          "outputs": [
            {
              "name": "out",
              "path": "/nix/store/pviwfiv89vilnciacw2ck1jd0xj7b89l-argocd-2.14.11",
              "default": true
            }
          ],
          "store_path": "/nix/store/pviwfiv89vilnciacw2ck1jd0xj7b89l-argocd-2.14.11"
        }
      }
    },
    "gettext@latest": {
      "last_modified": "2025-07-02T23:15:33Z",
      "resolved": "github:NixOS/nixpkgs/d55716bb59b91ae9d1ced4b1ccdea7a442ecbfdb#gettext",
      "source": "devbox-search",
      "version": "0.22.5",
      "systems": {
        "aarch64-darwin": {
          "outputs": [
            {
              "name": "out",
              "path": "/nix/store/i1cf5x10799v48g9x4hiks9bfd671ka5-gettext-0.22.5",
              "default": true
            },
            {
              "name": "man",
              "path": "/nix/store/yyijkzw43sji9vmkvgp5xd59qhgcqk0i-gettext-0.22.5-man",
              "default": true
            },
            {
              "name": "doc",
              "path": "/nix/store/hdbngsjdsz6rw0rs5201jwxgmig0bir9-gettext-0.22.5-doc"
            },
            {
              "name": "info",
              "path": "/nix/store/bn7zq16wifi5naccpjgx2wscbxrx1r9y-gettext-0.22.5-info"
            }
          ],
          "store_path": "/nix/store/i1cf5x10799v48g9x4hiks9bfd671ka5-gettext-0.22.5"
        },
        "aarch64-linux": {
          "outputs": [
            {
              "name": "out",
              "path": "/nix/store/4yw094fdf4hg71ffmkiciffzri75l52f-gettext-0.22.5",
              "default": true
            },
            {
              "name": "man",
              "path": "/nix/store/aw19w3wzq8b2vbn0xbxygikz1192hd9f-gettext-0.22.5-man",
              "default": true
            },
            {
              "name": "doc",
              "path": "/nix/store/1k64vvyzdiixl1sqb4j5gr3s0jaw36mb-gettext-0.22.5-doc"
            },
            {
              "name": "info",
              "path": "/nix/store/9x2h9jkx962sv43ifh3j7qrfgy2a1b4p-gettext-0.22.5-info"
            }
          ],
          "store_path": "/nix/store/4yw094fdf4hg71ffmkiciffzri75l52f-gettext-0.22.5"
        },
        "x86_64-darwin": {
          "outputs": [
            {
              "name": "out",
              "path": "/nix/store/5qi7j7hqbp157iygygys9pb36d8ik4i0-gettext-0.22.5",
              "default": true
            },
            {
              "name": "man",
              "path": "/nix/store/pb3awbc3p0y3r5g5sfjz66c5x168yx3r-gettext-0.22.5-man",
              "default": true
            },
            {
              "name": "doc",
              "path": "/nix/store/9ff482n21sifam67a4hawlmim5qd2xj3-gettext-0.22.5-doc"
            },
            {
              "name": "info",
              "path": "/nix/store/h9g11qmdvcfj5c63s3rksz3w4byb903s-gettext-0.22.5-info"
            }
          ],
          "store_path": "/nix/store/5qi7j7hqbp157iygygys9pb36d8ik4i0-gettext-0.22.5"
        },
        "x86_64-linux": {
          "outputs": [
            {
              "name": "out",
              "path": "/nix/store/zs5crhr67zp8cxn7dh4mwq08zw3sb31m-gettext-0.22.5",
              "default": true
            },
            {
              "name": "man",
              "path": "/nix/store/fmyjd06fivjkyja34lk9jfxllma3gr5k-gettext-0.22.5-man",
              "default": true
            },
            {
              "name": "info",
              "path": "/nix/store/mppr77ji66sqxwwc7c12619csq6mvras-gettext-0.22.5-info"
            },
            {
              "name": "doc",
              "path": "/nix/store/29k7rgjb1jz85wp5r2rb8fbmwjmp4yf7-gettext-0.22.5-doc"
            }
          ],
          "store_path": "/nix/store/zs5crhr67zp8cxn7dh4mwq08zw3sb31m-gettext-0.22.5"
        }
      }
    },
    "github:NixOS/nixpkgs/nixpkgs-unstable": {
      "last_modified": "2025-07-07T11:34:27Z",
      "resolved": "github:NixOS/nixpkgs/0acc6a91343eb987397c27044a8d1fbcb374c265?lastModified=1751888067&narHash=sha256-6cMenMdl6iLJxD%2FDe6QDwIpbMw9ZbPee77Kq7D19RE4%3D"
    },
    "just@latest": {
      "last_modified": "2025-06-20T02:24:11Z",
      "resolved": "github:NixOS/nixpkgs/076e8c6678d8c54204abcb4b1b14c366835a58bb#just",
      "source": "devbox-search",
      "version": "1.40.0",
      "systems": {
        "aarch64-darwin": {
          "outputs": [
            {
              "name": "out",
              "path": "/nix/store/4v1457kd3dgip17z1ihdbmz75iw2pjr4-just-1.40.0",
              "default": true
            },
            {
              "name": "man",
              "path": "/nix/store/y03iqp8jsczmqkbqdwflkrmngzsxpygr-just-1.40.0-man",
              "default": true
            },
            {
              "name": "doc",
              "path": "/nix/store/x3bahjkn74r8pj3iimfxh4bx2mf8q3n2-just-1.40.0-doc"
            }
          ],
          "store_path": "/nix/store/4v1457kd3dgip17z1ihdbmz75iw2pjr4-just-1.40.0"
        },
        "aarch64-linux": {
          "outputs": [
            {
              "name": "out",
              "path": "/nix/store/gifnml1c5vyn5yyydmm72xfnbs9gz26x-just-1.40.0",
              "default": true
            },
            {
              "name": "man",
              "path": "/nix/store/iszvi2nz921mzzlv2lwzpb287ziv1jcn-just-1.40.0-man",
              "default": true
            },
            {
              "name": "doc",
              "path": "/nix/store/07mzqabzlrga8zmr6gm36v7w1xl9l0iq-just-1.40.0-doc"
            }
          ],
          "store_path": "/nix/store/gifnml1c5vyn5yyydmm72xfnbs9gz26x-just-1.40.0"
        },
        "x86_64-darwin": {
          "outputs": [
            {
              "name": "out",
              "path": "/nix/store/14fi0jwrlyh6sy569zi83m1h6gxn5i1w-just-1.40.0",
              "default": true
            },
            {
              "name": "man",
              "path": "/nix/store/glk3qw76bwq8li4lnpwsyc96s3dxqdym-just-1.40.0-man",
              "default": true
            },
            {
              "name": "doc",
              "path": "/nix/store/6dqy5d5kxmbzkwl5rlwiwi1k0prqbhd9-just-1.40.0-doc"
            }
          ],
          "store_path": "/nix/store/14fi0jwrlyh6sy569zi83m1h6gxn5i1w-just-1.40.0"
        },
        "x86_64-linux": {
          "outputs": [
            {
              "name": "out",
              "path": "/nix/store/wjgv4gr41xj5nzvibr8awfwbqa4j14g4-just-1.40.0",
              "default": true
            },
            {
              "name": "man",
              "path": "/nix/store/zyndijhm5l86md2cfvrvrzvr0r51kjc5-just-1.40.0-man",
              "default": true
            },
            {
              "name": "doc",
              "path": "/nix/store/k44kaxh1r325a11khwvwc50xj4zs6k7y-just-1.40.0-doc"
            }
          ],
          "store_path": "/nix/store/wjgv4gr41xj5nzvibr8awfwbqa4j14g4-just-1.40.0"
        }
      }
    },
    "kubectl@latest": {
      "last_modified": "2025-06-24T02:18:21Z",
      "resolved": "github:NixOS/nixpkgs/69dfebb3d175bde602f612915c5576a41b18486b#kubectl",
      "source": "devbox-search",
      "version": "1.33.2",
      "systems": {
        "aarch64-darwin": {
          "outputs": [
            {
              "name": "out",
              "path": "/nix/store/3wkf3fdmr0fih985wfys1ww50bc3h7rw-kubectl-1.33.2",
              "default": true
            },
            {
              "name": "man",
              "path": "/nix/store/ak2m30yf18kkqmaya0ydpdjwn0zsxc4n-kubectl-1.33.2-man",
              "default": true
            },
            {
              "name": "convert",
              "path": "/nix/store/gv3hrpka75q4b7alipw8l17nfl3x8zsy-kubectl-1.33.2-convert"
            }
          ],
          "store_path": "/nix/store/3wkf3fdmr0fih985wfys1ww50bc3h7rw-kubectl-1.33.2"
        },
        "aarch64-linux": {
          "outputs": [
            {
              "name": "out",
              "path": "/nix/store/3kami7n1lmlnmsxkb9rw5wi5ifrxsspq-kubectl-1.33.2",
              "default": true
            },
            {
              "name": "man",
              "path": "/nix/store/5dks8ys8p6gxbihncwrsv14g7k57cqki-kubectl-1.33.2-man",
              "default": true
            },
            {
              "name": "convert",
              "path": "/nix/store/i6z2z31ys86fgv2d5hg1pqjkaxiz4nj4-kubectl-1.33.2-convert"
            }
          ],
          "store_path": "/nix/store/3kami7n1lmlnmsxkb9rw5wi5ifrxsspq-kubectl-1.33.2"
        },
        "x86_64-darwin": {
          "outputs": [
            {
              "name": "out",
              "path": "/nix/store/hxsqda44nbnpmmnycxj01pgaf8npdlbf-kubectl-1.33.2",
              "default": true
            },
            {
              "name": "man",
              "path": "/nix/store/hna89iqmim83bv2k7jv8rn51s1r0gn0s-kubectl-1.33.2-man",
              "default": true
            },
            {
              "name": "convert",
              "path": "/nix/store/06waawlgkz5sf3l1kmq2zghks2rh32sf-kubectl-1.33.2-convert"
            }
          ],
          "store_path": "/nix/store/hxsqda44nbnpmmnycxj01pgaf8npdlbf-kubectl-1.33.2"
        },
        "x86_64-linux": {
          "outputs": [
            {
              "name": "out",
              "path": "/nix/store/17hz4mgnd2s1x48x5plyg63q46xprywp-kubectl-1.33.2",
              "default": true
            },
            {
              "name": "man",
              "path": "/nix/store/1dlk3sma52pi5zzklqk6kgn1cq9fmlia-kubectl-1.33.2-man",
              "default": true
            },
            {
              "name": "convert",
              "path": "/nix/store/1c8nqwzjdxykbq49sgb8wpba6w2j0qx7-kubectl-1.33.2-convert"
            }
          ],
          "store_path": "/nix/store/17hz4mgnd2s1x48x5plyg63q46xprywp-kubectl-1.33.2"
        }
      }
    }
  }
}
